Microsoft Visual Studio Solution File, Format Version 12.00
# Visual Studio Version 16
VisualStudioVersion = 16.0.29806.167
MinimumVisualStudioVersion = 10.0.40219.1
Project("{FAE04EC0-301F-11D3-BF4B-00C04F79EFBC}") = "Launcher", "Launcher.csproj", "{397CD382-CE05-4D71-82D1-C14340D3D0AB}"
EndProject
Global
	GlobalSection(SolutionConfigurationPlatforms) = preSolution
		Debug|Any CPU = Debug|Any CPU
		Release|Any CPU = Release|Any CPU
	EndGlobalSection
	GlobalSection(ProjectConfigurationPlatforms) = postSolution
		{397CD382-CE05-4D71-82D1-C14340D3D0AB}.Debug|Any CPU.ActiveCfg = Debug|Any CPU
		{397CD382-CE05-4D71-82D1-C14340D3D0AB}.Debug|Any CPU.Build.0 = Debug|Any CPU
		{397CD382-CE05-4D71-82D1-C14340D3D0AB}.Release|Any CPU.ActiveCfg = Release|Any CPU
		{397CD382-CE05-4D71-82D1-C14340D3D0AB}.Release|Any CPU.Build.0 = Release|Any CPU
	EndGlobalSection
	GlobalSection(SolutionProperties) = preSolution
		HideSolutionNode = FALSE
	EndGlobalSection
	GlobalSection(ExtensibilityGlobals) = postSolution
		SolutionGuid = {6938EF69-FA23-45B6-9C7F-37293BA08DA5}
	EndGlobalSection
EndGlobal
